{
    "name": "mesh-optimizer",
    "version": "0.0.1",
    "lockfileVersion": 1,
    "requires": true,
    "dependencies": {
        "gltfpack": {
            "version": "0.14.0",
            "resolved": "https://registry.npmjs.org/gltfpack/-/gltfpack-0.14.0.tgz",
            "integrity": "sha512-duCFCEGiWIKS+VX82pWKz2/AZrgHenIMAmMfqnCDnO84HxK4RHl5BQ3oF1YwTVBCG7E/jcPluOy9bnPQxFpSFQ=="
        }
    }
}
